// !$*UTF8*$!
{
	archiveVersion = 1;
	classes = {
	};
	objectVersion = 51;
	objects = {

/* Begin PBXBuildFile section */
		00008794245A2F62006ACD1C /* Extension.swift in Sources */ = {isa = PBXBuildFile; fileRef = 00008793245A2F62006ACD1C /* Extension.swift */; };
		000087A1245A3129006ACD1C /* SourceSansPro-BoldIt.ttf in Resources */ = {isa = PBXBuildFile; fileRef = 00008795245A3129006ACD1C /* SourceSansPro-BoldIt.ttf */; };
		000087A2245A3129006ACD1C /* SourceSansPro-SemiboldIt.ttf in Resources */ = {isa = PBXBuildFile; fileRef = 00008796245A3129006ACD1C /* SourceSansPro-SemiboldIt.ttf */; };
		000087A3245A3129006ACD1C /* SourceSansPro-Light.ttf in Resources */ = {isa = PBXBuildFile; fileRef = 00008797245A3129006ACD1C /* SourceSansPro-Light.ttf */; };
		000087A4245A3129006ACD1C /* SourceSansPro-BlackIt.ttf in Resources */ = {isa = PBXBuildFile; fileRef = 00008798245A3129006ACD1C /* SourceSansPro-BlackIt.ttf */; };
		000087A6245A3129006ACD1C /* SourceSansPro-Bold.ttf in Resources */ = {isa = PBXBuildFile; fileRef = 0000879A245A3129006ACD1C /* SourceSansPro-Bold.ttf */; };
		000087A7245A3129006ACD1C /* SourceSansPro-ExtraLight.ttf in Resources */ = {isa = PBXBuildFile; fileRef = 0000879B245A3129006ACD1C /* SourceSansPro-ExtraLight.ttf */; };
		000087A8245A3129006ACD1C /* SourceSansPro-ExtraLightIt.ttf in Resources */ = {isa = PBXBuildFile; fileRef = 0000879C245A3129006ACD1C /* SourceSansPro-ExtraLightIt.ttf */; };
		000087A9245A3129006ACD1C /* SourceSansPro-Black.ttf in Resources */ = {isa = PBXBuildFile; fileRef = 0000879D245A3129006ACD1C /* SourceSansPro-Black.ttf */; };
		000087AA245A3129006ACD1C /* SourceSansPro-It.ttf in Resources */ = {isa = PBXBuildFile; fileRef = 0000879E245A3129006ACD1C /* SourceSansPro-It.ttf */; };
		000087AB245A3129006ACD1C /* SourceSansPro-LightIt.ttf in Resources */ = {isa = PBXBuildFile; fileRef = 0000879F245A3129006ACD1C /* SourceSansPro-LightIt.ttf */; };
		000087AC245A3129006ACD1C /* SourceSansPro-Semibold.ttf in Resources */ = {isa = PBXBuildFile; fileRef = 000087A0245A3129006ACD1C /* SourceSansPro-Semibold.ttf */; };
		00439ACD248BE487001E2675 /* Dynamic.swift in Sources */ = {isa = PBXBuildFile; fileRef = 00439ACC248BE487001E2675 /* Dynamic.swift */; };
		00439ACF248C0AD8001E2675 /* ReportView.swift in Sources */ = {isa = PBXBuildFile; fileRef = 00439ACE248C0AD8001E2675 /* ReportView.swift */; };
		005071D8243F32E600DBC581 /* w3w-data.zip in Resources */ = {isa = PBXBuildFile; fileRef = 005071D5243F32E600DBC581 /* w3w-data.zip */; };
		005071D9243F32E600DBC581 /* w3w.mlmodel in Sources */ = {isa = PBXBuildFile; fileRef = 005071D6243F32E600DBC581 /* w3w.mlmodel */; };
		005071E0243F66A700DBC581 /* Config.swift in Sources */ = {isa = PBXBuildFile; fileRef = 005071DF243F66A700DBC581 /* Config.swift */; };
		005071E8243F6E0000DBC581 /* libc++.tbd in Frameworks */ = {isa = PBXBuildFile; fileRef = 005071DB243F3DCC00DBC581 /* libc++.tbd */; };
		00507200243F751F00DBC581 /* what3words.framework in Frameworks */ = {isa = PBXBuildFile; fileRef = 005071D0243F32C300DBC581 /* what3words.framework */; };
		00507201243F754200DBC581 /* ocrsdk.framework in Frameworks */ = {isa = PBXBuildFile; fileRef = 005071FD243F74EF00DBC581 /* ocrsdk.framework */; };
		00507203243FD54200DBC581 /* Settings.swift in Sources */ = {isa = PBXBuildFile; fileRef = 00507202243FD54200DBC581 /* Settings.swift */; };
		0071D4622486E2F600F7DA5B /* Utils.swift in Sources */ = {isa = PBXBuildFile; fileRef = 0071D45D2486E2F600F7DA5B /* Utils.swift */; };
		007B501D2466F3E0000392E4 /* SourceSansPro-Regular.ttf in Resources */ = {isa = PBXBuildFile; fileRef = 00008799245A3129006ACD1C /* SourceSansPro-Regular.ttf */; };
		007B502424689B57000392E4 /* AlertMessage.swift in Sources */ = {isa = PBXBuildFile; fileRef = 007B502224689B57000392E4 /* AlertMessage.swift */; };
		007B502524689B57000392E4 /* NetworkError.swift in Sources */ = {isa = PBXBuildFile; fileRef = 007B502324689B57000392E4 /* NetworkError.swift */; };
		007B502924689C3B000392E4 /* ApplicationCoordinator.swift in Sources */ = {isa = PBXBuildFile; fileRef = 007B502724689C3B000392E4 /* ApplicationCoordinator.swift */; };
		007B502A24689C3B000392E4 /* ScanCoordinator.swift in Sources */ = {isa = PBXBuildFile; fileRef = 007B502824689C3B000392E4 /* ScanCoordinator.swift */; };
		007B503024689CA0000392E4 /* BaseViewController.swift in Sources */ = {isa = PBXBuildFile; fileRef = 007B502C24689CA0000392E4 /* BaseViewController.swift */; };
		007B503124689CA0000392E4 /* CameraController.swift in Sources */ = {isa = PBXBuildFile; fileRef = 007B502D24689CA0000392E4 /* CameraController.swift */; };
		007B503224689CA0000392E4 /* PhotoController.swift in Sources */ = {isa = PBXBuildFile; fileRef = 007B502E24689CA0000392E4 /* PhotoController.swift */; };
		007B503324689CA0000392E4 /* CoordinatorNavigationController.swift in Sources */ = {isa = PBXBuildFile; fileRef = 007B502F24689CA0000392E4 /* CoordinatorNavigationController.swift */; };
		007B503924689D05000392E4 /* PhotoDetectionView.swift in Sources */ = {isa = PBXBuildFile; fileRef = 007B503624689D04000392E4 /* PhotoDetectionView.swift */; };
		007B503A24689D05000392E4 /* BoundingBoxView.swift in Sources */ = {isa = PBXBuildFile; fileRef = 007B503724689D04000392E4 /* BoundingBoxView.swift */; };
		007B503E24689D33000392E4 /* W3wSuggestionDataSource.swift in Sources */ = {isa = PBXBuildFile; fileRef = 007B503C24689D33000392E4 /* W3wSuggestionDataSource.swift */; };
		007B504524689DF4000392E4 /* PaddingUILabel.swift in Sources */ = {isa = PBXBuildFile; fileRef = 007B504424689DF4000392E4 /* PaddingUILabel.swift */; };
		007B504724689E06000392E4 /* CustomBackButton.swift in Sources */ = {isa = PBXBuildFile; fileRef = 007B504624689E06000392E4 /* CustomBackButton.swift */; };
		007B504924689E70000392E4 /* W3wSuggestionView.swift in Sources */ = {isa = PBXBuildFile; fileRef = 007B504824689E70000392E4 /* W3wSuggestionView.swift */; };
		007B504B24689E87000392E4 /* W3wSuggestionTableViewCell.swift in Sources */ = {isa = PBXBuildFile; fileRef = 007B504A24689E87000392E4 /* W3wSuggestionTableViewCell.swift */; };
		007B505024694DF4000392E4 /* CameraModel.swift in Sources */ = {isa = PBXBuildFile; fileRef = 007B504F24694DF4000392E4 /* CameraModel.swift */; };
		007B505224694E1A000392E4 /* CameraViewModel.swift in Sources */ = {isa = PBXBuildFile; fileRef = 007B505124694E1A000392E4 /* CameraViewModel.swift */; };
		007B50562469D592000392E4 /* NSAttributedString+Extensions.swift in Sources */ = {isa = PBXBuildFile; fileRef = 007B50552469D592000392E4 /* NSAttributedString+Extensions.swift */; };
		0080318A2485387000260AC1 /* CustomSlider.swift in Sources */ = {isa = PBXBuildFile; fileRef = 008031892485387000260AC1 /* CustomSlider.swift */; };
		0099AA4D246D4DB00064F515 /* ThreeWordBoundingBoxView.swift in Sources */ = {isa = PBXBuildFile; fileRef = 0099AA4C246D4DB00064F515 /* ThreeWordBoundingBoxView.swift */; };
		0099AA51246DEDC70064F515 /* IdleTimer.swift in Sources */ = {isa = PBXBuildFile; fileRef = 0099AA50246DEDC70064F515 /* IdleTimer.swift */; };
		0099E18024747B9900BB9D11 /* PerformanceView.swift in Sources */ = {isa = PBXBuildFile; fileRef = 0099E17F24747B9900BB9D11 /* PerformanceView.swift */; };
		009A6613248C49ED009A74EB /* ReportModel.swift in Sources */ = {isa = PBXBuildFile; fileRef = 009A6612248C49ED009A74EB /* ReportModel.swift */; };
		00A9A396245F53F3003FB518 /* DeepLinkOption.swift in Sources */ = {isa = PBXBuildFile; fileRef = 00A9A389245F53F3003FB518 /* DeepLinkOption.swift */; };
		00A9A397245F53F3003FB518 /* LaunchInstructor.swift in Sources */ = {isa = PBXBuildFile; fileRef = 00A9A38A245F53F3003FB518 /* LaunchInstructor.swift */; };
		00A9A398245F53F3003FB518 /* ViewController+Coordinator.swift in Sources */ = {isa = PBXBuildFile; fileRef = 00A9A38C245F53F3003FB518 /* ViewController+Coordinator.swift */; };
		00A9A399245F53F3003FB518 /* AuthCoordinatorOutput.swift in Sources */ = {isa = PBXBuildFile; fileRef = 00A9A38E245F53F3003FB518 /* AuthCoordinatorOutput.swift */; };
		00A9A39A245F53F3003FB518 /* BaseViewControllerProtocol.swift in Sources */ = {isa = PBXBuildFile; fileRef = 00A9A38F245F53F3003FB518 /* BaseViewControllerProtocol.swift */; };
		00A9A39B245F53F3003FB518 /* Presentable.swift in Sources */ = {isa = PBXBuildFile; fileRef = 00A9A390245F53F3003FB518 /* Presentable.swift */; };
		00A9A39C245F53F3003FB518 /* Coordinator.swift in Sources */ = {isa = PBXBuildFile; fileRef = 00A9A391245F53F3003FB518 /* Coordinator.swift */; };
		00A9A39D245F53F3003FB518 /* BaseCoordinator.swift in Sources */ = {isa = PBXBuildFile; fileRef = 00A9A393245F53F3003FB518 /* BaseCoordinator.swift */; };
		00A9A39E245F53F3003FB518 /* Router.swift in Sources */ = {isa = PBXBuildFile; fileRef = 00A9A395245F53F3003FB518 /* Router.swift */; };
		00A9A3A1245F53FB003FB518 /* FadeAnimator.swift in Sources */ = {isa = PBXBuildFile; fileRef = 00A9A3A0245F53FB003FB518 /* FadeAnimator.swift */; };
		00A9A3A7245F54B4003FB518 /* DependencyContainer.swift in Sources */ = {isa = PBXBuildFile; fileRef = 00A9A3A3245F54B4003FB518 /* DependencyContainer.swift */; };
		00A9A3AF245F54FA003FB518 /* CoordinatorFactory.swift in Sources */ = {isa = PBXBuildFile; fileRef = 00A9A3AC245F54FA003FB518 /* CoordinatorFactory.swift */; };
		00A9A3B0245F54FA003FB518 /* ViewControllerFactory.swift in Sources */ = {isa = PBXBuildFile; fileRef = 00A9A3AE245F54FA003FB518 /* ViewControllerFactory.swift */; };
		00A9A3B2245F6357003FB518 /* ScanViewControllerFactoryImp.swift in Sources */ = {isa = PBXBuildFile; fileRef = 00A9A3B1245F6357003FB518 /* ScanViewControllerFactoryImp.swift */; };
		00A9A3BB245F63AA003FB518 /* UIButton.swift in Sources */ = {isa = PBXBuildFile; fileRef = 00A9A3B5245F63AA003FB518 /* UIButton.swift */; };
		00A9A3BC245F63AA003FB518 /* UIViewController.swift in Sources */ = {isa = PBXBuildFile; fileRef = 00A9A3B6245F63AA003FB518 /* UIViewController.swift */; };
		00A9A3BD245F63AA003FB518 /* UINavigationBar.swift in Sources */ = {isa = PBXBuildFile; fileRef = 00A9A3B7245F63AA003FB518 /* UINavigationBar.swift */; };
		00A9A3BE245F63AA003FB518 /* UIStoryboard.swift in Sources */ = {isa = PBXBuildFile; fileRef = 00A9A3B8245F63AA003FB518 /* UIStoryboard.swift */; };
		00A9A3BF245F63AA003FB518 /* DateFormatter.swift in Sources */ = {isa = PBXBuildFile; fileRef = 00A9A3BA245F63AA003FB518 /* DateFormatter.swift */; };
		00B4981324732D05009E14C6 /* WGesture.swift in Sources */ = {isa = PBXBuildFile; fileRef = 00B4981224732D05009E14C6 /* WGesture.swift */; };
		00BAA453244B38100036DB0C /* FIleManager+Dir.swift in Sources */ = {isa = PBXBuildFile; fileRef = 00BAA452244B38100036DB0C /* FIleManager+Dir.swift */; };
		00BAA45A244B425A0036DB0C /* W3wManager.swift in Sources */ = {isa = PBXBuildFile; fileRef = 00BAA459244B425A0036DB0C /* W3wManager.swift */; };
		00BAA45C244B42790036DB0C /* OCRManager.swift in Sources */ = {isa = PBXBuildFile; fileRef = 00BAA45B244B42790036DB0C /* OCRManager.swift */; };
		00BAA45E244B429A0036DB0C /* W3wDataModel.swift in Sources */ = {isa = PBXBuildFile; fileRef = 00BAA45D244B429A0036DB0C /* W3wDataModel.swift */; };
		00BAA460244B42A80036DB0C /* W3wCoreMLModel.swift in Sources */ = {isa = PBXBuildFile; fileRef = 00BAA45F244B42A80036DB0C /* W3wCoreMLModel.swift */; };
		00BAA463244B44D80036DB0C /* Logging.swift in Sources */ = {isa = PBXBuildFile; fileRef = 00BAA462244B44D80036DB0C /* Logging.swift */; };
		00BAA46A244BBE4A0036DB0C /* ImageProcess.swift in Sources */ = {isa = PBXBuildFile; fileRef = 00BAA469244BBE4A0036DB0C /* ImageProcess.swift */; };
		00CA222224748482006133E6 /* UIView.swift in Sources */ = {isa = PBXBuildFile; fileRef = 00CA222124748482006133E6 /* UIView.swift */; };
		00CDC73C248AD11B003A9900 /* ReportCoordinator.swift in Sources */ = {isa = PBXBuildFile; fileRef = 00CDC73B248AD11B003A9900 /* ReportCoordinator.swift */; };
		00CDC743248AE590003A9900 /* AnnotateView.swift in Sources */ = {isa = PBXBuildFile; fileRef = 00CDC741248AE590003A9900 /* AnnotateView.swift */; };
		00CDC744248AE590003A9900 /* CornerDragView.swift in Sources */ = {isa = PBXBuildFile; fileRef = 00CDC742248AE590003A9900 /* CornerDragView.swift */; };
		00CDC749248AE683003A9900 /* ReportController.swift in Sources */ = {isa = PBXBuildFile; fileRef = 00CDC748248AE683003A9900 /* ReportController.swift */; };
		00CDC74B248AEACA003A9900 /* ReportViewControllerFactoryImp.swift in Sources */ = {isa = PBXBuildFile; fileRef = 00CDC74A248AEACA003A9900 /* ReportViewControllerFactoryImp.swift */; };
		5660C088AF7FB420F6568B12 /* Pods_ObjectDetection.framework in Frameworks */ = {isa = PBXBuildFile; fileRef = 73AA4EF7377043D05FE722E8 /* Pods_ObjectDetection.framework */; };
		7BCB411B21C3096100BFC4D0 /* AppDelegate.swift in Sources */ = {isa = PBXBuildFile; fileRef = 7BCB411A21C3096100BFC4D0 /* AppDelegate.swift */; };
		7BCB412021C3096100BFC4D0 /* Main.storyboard in Resources */ = {isa = PBXBuildFile; fileRef = 7BCB411E21C3096100BFC4D0 /* Main.storyboard */; };
		7BCB412221C3096200BFC4D0 /* Assets.xcassets in Resources */ = {isa = PBXBuildFile; fileRef = 7BCB412121C3096200BFC4D0 /* Assets.xcassets */; };
		7BCB412521C3096200BFC4D0 /* LaunchScreen.storyboard in Resources */ = {isa = PBXBuildFile; fileRef = 7BCB412321C3096200BFC4D0 /* LaunchScreen.storyboard */; };
		7BCB413321C309B900BFC4D0 /* VideoCapture.swift in Sources */ = {isa = PBXBuildFile; fileRef = 7BCB412F21C309B900BFC4D0 /* VideoCapture.swift */; };
/* End PBXBuildFile section */

/* Begin PBXFileReference section */
		00008793245A2F62006ACD1C /* Extension.swift */ = {isa = PBXFileReference; lastKnownFileType = sourcecode.swift; path = Extension.swift; sourceTree = "<group>"; };
		00008795245A3129006ACD1C /* SourceSansPro-BoldIt.ttf */ = {isa = PBXFileReference; lastKnownFileType = file; name = "SourceSansPro-BoldIt.ttf"; path = "Fonts/SourceSansPro-BoldIt.ttf"; sourceTree = "<group>"; };
		00008796245A3129006ACD1C /* SourceSansPro-SemiboldIt.ttf */ = {isa = PBXFileReference; lastKnownFileType = file; name = "SourceSansPro-SemiboldIt.ttf"; path = "Fonts/SourceSansPro-SemiboldIt.ttf"; sourceTree = "<group>"; };
		00008797245A3129006ACD1C /* SourceSansPro-Light.ttf */ = {isa = PBXFileReference; lastKnownFileType = file; name = "SourceSansPro-Light.ttf"; path = "Fonts/SourceSansPro-Light.ttf"; sourceTree = "<group>"; };
		00008798245A3129006ACD1C /* SourceSansPro-BlackIt.ttf */ = {isa = PBXFileReference; lastKnownFileType = file; name = "SourceSansPro-BlackIt.ttf"; path = "Fonts/SourceSansPro-BlackIt.ttf"; sourceTree = "<group>"; };
		00008799245A3129006ACD1C /* SourceSansPro-Regular.ttf */ = {isa = PBXFileReference; lastKnownFileType = file; name = "SourceSansPro-Regular.ttf"; path = "Fonts/SourceSansPro-Regular.ttf"; sourceTree = "<group>"; };
		0000879A245A3129006ACD1C /* SourceSansPro-Bold.ttf */ = {isa = PBXFileReference; lastKnownFileType = file; name = "SourceSansPro-Bold.ttf"; path = "Fonts/SourceSansPro-Bold.ttf"; sourceTree = "<group>"; };
		0000879B245A3129006ACD1C /* SourceSansPro-ExtraLight.ttf */ = {isa = PBXFileReference; lastKnownFileType = file; name = "SourceSansPro-ExtraLight.ttf"; path = "Fonts/SourceSansPro-ExtraLight.ttf"; sourceTree = "<group>"; };
		0000879C245A3129006ACD1C /* SourceSansPro-ExtraLightIt.ttf */ = {isa = PBXFileReference; lastKnownFileType = file; name = "SourceSansPro-ExtraLightIt.ttf"; path = "Fonts/SourceSansPro-ExtraLightIt.ttf"; sourceTree = "<group>"; };
		0000879D245A3129006ACD1C /* SourceSansPro-Black.ttf */ = {isa = PBXFileReference; lastKnownFileType = file; name = "SourceSansPro-Black.ttf"; path = "Fonts/SourceSansPro-Black.ttf"; sourceTree = "<group>"; };
		0000879E245A3129006ACD1C /* SourceSansPro-It.ttf */ = {isa = PBXFileReference; lastKnownFileType = file; name = "SourceSansPro-It.ttf"; path = "Fonts/SourceSansPro-It.ttf"; sourceTree = "<group>"; };
		0000879F245A3129006ACD1C /* SourceSansPro-LightIt.ttf */ = {isa = PBXFileReference; lastKnownFileType = file; name = "SourceSansPro-LightIt.ttf"; path = "Fonts/SourceSansPro-LightIt.ttf"; sourceTree = "<group>"; };
		000087A0245A3129006ACD1C /* SourceSansPro-Semibold.ttf */ = {isa = PBXFileReference; lastKnownFileType = file; name = "SourceSansPro-Semibold.ttf"; path = "Fonts/SourceSansPro-Semibold.ttf"; sourceTree = "<group>"; };
		00439ACC248BE487001E2675 /* Dynamic.swift */ = {isa = PBXFileReference; fileEncoding = 4; lastKnownFileType = sourcecode.swift; path = Dynamic.swift; sourceTree = "<group>"; };
		00439ACE248C0AD8001E2675 /* ReportView.swift */ = {isa = PBXFileReference; lastKnownFileType = sourcecode.swift; path = ReportView.swift; sourceTree = "<group>"; };
		005071D0243F32C300DBC581 /* what3words.framework */ = {isa = PBXFileReference; lastKnownFileType = wrapper.framework; name = what3words.framework; path = lib/what3words.framework; sourceTree = "<group>"; };
		005071D5243F32E600DBC581 /* w3w-data.zip */ = {isa = PBXFileReference; lastKnownFileType = archive.zip; name = "w3w-data.zip"; path = "data/w3w-data.zip"; sourceTree = "<group>"; };
		005071D6243F32E600DBC581 /* w3w.mlmodel */ = {isa = PBXFileReference; lastKnownFileType = file.mlmodel; name = w3w.mlmodel; path = data/w3w.mlmodel; sourceTree = "<group>"; };
		005071DB243F3DCC00DBC581 /* libc++.tbd */ = {isa = PBXFileReference; lastKnownFileType = "sourcecode.text-based-dylib-definition"; name = "libc++.tbd"; path = "usr/lib/libc++.tbd"; sourceTree = SDKROOT; };
		005071DF243F66A700DBC581 /* Config.swift */ = {isa = PBXFileReference; lastKnownFileType = sourcecode.swift; path = Config.swift; sourceTree = "<group>"; };
		005071FD243F74EF00DBC581 /* ocrsdk.framework */ = {isa = PBXFileReference; lastKnownFileType = wrapper.framework; name = ocrsdk.framework; path = lib/ocrsdk.framework; sourceTree = "<group>"; };
		00507202243FD54200DBC581 /* Settings.swift */ = {isa = PBXFileReference; lastKnownFileType = sourcecode.swift; path = Settings.swift; sourceTree = "<group>"; };
		0071D45D2486E2F600F7DA5B /* Utils.swift */ = {isa = PBXFileReference; fileEncoding = 4; lastKnownFileType = sourcecode.swift; path = Utils.swift; sourceTree = "<group>"; };
		007B502224689B57000392E4 /* AlertMessage.swift */ = {isa = PBXFileReference; fileEncoding = 4; lastKnownFileType = sourcecode.swift; path = AlertMessage.swift; sourceTree = "<group>"; };
		007B502324689B57000392E4 /* NetworkError.swift */ = {isa = PBXFileReference; fileEncoding = 4; lastKnownFileType = sourcecode.swift; path = NetworkError.swift; sourceTree = "<group>"; };
		007B502724689C3B000392E4 /* ApplicationCoordinator.swift */ = {isa = PBXFileReference; fileEncoding = 4; lastKnownFileType = sourcecode.swift; path = ApplicationCoordinator.swift; sourceTree = "<group>"; };
		007B502824689C3B000392E4 /* ScanCoordinator.swift */ = {isa = PBXFileReference; fileEncoding = 4; lastKnownFileType = sourcecode.swift; path = ScanCoordinator.swift; sourceTree = "<group>"; };
		007B502C24689CA0000392E4 /* BaseViewController.swift */ = {isa = PBXFileReference; fileEncoding = 4; lastKnownFileType = sourcecode.swift; path = BaseViewController.swift; sourceTree = "<group>"; };
		007B502D24689CA0000392E4 /* CameraController.swift */ = {isa = PBXFileReference; fileEncoding = 4; lastKnownFileType = sourcecode.swift; path = CameraController.swift; sourceTree = "<group>"; };
		007B502E24689CA0000392E4 /* PhotoController.swift */ = {isa = PBXFileReference; fileEncoding = 4; lastKnownFileType = sourcecode.swift; path = PhotoController.swift; sourceTree = "<group>"; };
		007B502F24689CA0000392E4 /* CoordinatorNavigationController.swift */ = {isa = PBXFileReference; fileEncoding = 4; lastKnownFileType = sourcecode.swift; path = CoordinatorNavigationController.swift; sourceTree = "<group>"; };
		007B503624689D04000392E4 /* PhotoDetectionView.swift */ = {isa = PBXFileReference; fileEncoding = 4; lastKnownFileType = sourcecode.swift; path = PhotoDetectionView.swift; sourceTree = "<group>"; };
		007B503724689D04000392E4 /* BoundingBoxView.swift */ = {isa = PBXFileReference; fileEncoding = 4; lastKnownFileType = sourcecode.swift; path = BoundingBoxView.swift; sourceTree = "<group>"; };
		007B503C24689D33000392E4 /* W3wSuggestionDataSource.swift */ = {isa = PBXFileReference; fileEncoding = 4; lastKnownFileType = sourcecode.swift; name = W3wSuggestionDataSource.swift; path = ../W3wSuggestionDataSource.swift; sourceTree = "<group>"; };
		007B504424689DF4000392E4 /* PaddingUILabel.swift */ = {isa = PBXFileReference; fileEncoding = 4; lastKnownFileType = sourcecode.swift; path = PaddingUILabel.swift; sourceTree = "<group>"; };
		007B504624689E06000392E4 /* CustomBackButton.swift */ = {isa = PBXFileReference; fileEncoding = 4; lastKnownFileType = sourcecode.swift; path = CustomBackButton.swift; sourceTree = "<group>"; };
		007B504824689E70000392E4 /* W3wSuggestionView.swift */ = {isa = PBXFileReference; fileEncoding = 4; lastKnownFileType = sourcecode.swift; name = W3wSuggestionView.swift; path = ObjectDetection/Views/W3wSuggestionView.swift; sourceTree = SOURCE_ROOT; };
		007B504A24689E87000392E4 /* W3wSuggestionTableViewCell.swift */ = {isa = PBXFileReference; fileEncoding = 4; lastKnownFileType = sourcecode.swift; name = W3wSuggestionTableViewCell.swift; path = ../W3wSuggestionTableViewCell.swift; sourceTree = "<group>"; };
		007B504F24694DF4000392E4 /* CameraModel.swift */ = {isa = PBXFileReference; lastKnownFileType = sourcecode.swift; path = CameraModel.swift; sourceTree = "<group>"; };
		007B505124694E1A000392E4 /* CameraViewModel.swift */ = {isa = PBXFileReference; lastKnownFileType = sourcecode.swift; path = CameraViewModel.swift; sourceTree = "<group>"; };
		007B50552469D592000392E4 /* NSAttributedString+Extensions.swift */ = {isa = PBXFileReference; lastKnownFileType = sourcecode.swift; path = "NSAttributedString+Extensions.swift"; sourceTree = "<group>"; };
		008031892485387000260AC1 /* CustomSlider.swift */ = {isa = PBXFileReference; lastKnownFileType = sourcecode.swift; path = CustomSlider.swift; sourceTree = "<group>"; };
		0099AA4C246D4DB00064F515 /* ThreeWordBoundingBoxView.swift */ = {isa = PBXFileReference; lastKnownFileType = sourcecode.swift; path = ThreeWordBoundingBoxView.swift; sourceTree = "<group>"; };
		0099AA50246DEDC70064F515 /* IdleTimer.swift */ = {isa = PBXFileReference; lastKnownFileType = sourcecode.swift; path = IdleTimer.swift; sourceTree = "<group>"; };
		0099E17F24747B9900BB9D11 /* PerformanceView.swift */ = {isa = PBXFileReference; lastKnownFileType = sourcecode.swift; path = PerformanceView.swift; sourceTree = "<group>"; };
		009A6612248C49ED009A74EB /* ReportModel.swift */ = {isa = PBXFileReference; lastKnownFileType = sourcecode.swift; path = ReportModel.swift; sourceTree = "<group>"; };
		00A9A389245F53F3003FB518 /* DeepLinkOption.swift */ = {isa = PBXFileReference; fileEncoding = 4; lastKnownFileType = sourcecode.swift; path = DeepLinkOption.swift; sourceTree = "<group>"; };
		00A9A38A245F53F3003FB518 /* LaunchInstructor.swift */ = {isa = PBXFileReference; fileEncoding = 4; lastKnownFileType = sourcecode.swift; path = LaunchInstructor.swift; sourceTree = "<group>"; };
		00A9A38C245F53F3003FB518 /* ViewController+Coordinator.swift */ = {isa = PBXFileReference; fileEncoding = 4; lastKnownFileType = sourcecode.swift; path = "ViewController+Coordinator.swift"; sourceTree = "<group>"; };
		00A9A38E245F53F3003FB518 /* AuthCoordinatorOutput.swift */ = {isa = PBXFileReference; fileEncoding = 4; lastKnownFileType = sourcecode.swift; path = AuthCoordinatorOutput.swift; sourceTree = "<group>"; };
		00A9A38F245F53F3003FB518 /* BaseViewControllerProtocol.swift */ = {isa = PBXFileReference; fileEncoding = 4; lastKnownFileType = sourcecode.swift; path = BaseViewControllerProtocol.swift; sourceTree = "<group>"; };
		00A9A390245F53F3003FB518 /* Presentable.swift */ = {isa = PBXFileReference; fileEncoding = 4; lastKnownFileType = sourcecode.swift; path = Presentable.swift; sourceTree = "<group>"; };
		00A9A391245F53F3003FB518 /* Coordinator.swift */ = {isa = PBXFileReference; fileEncoding = 4; lastKnownFileType = sourcecode.swift; path = Coordinator.swift; sourceTree = "<group>"; };
		00A9A393245F53F3003FB518 /* BaseCoordinator.swift */ = {isa = PBXFileReference; fileEncoding = 4; lastKnownFileType = sourcecode.swift; path = BaseCoordinator.swift; sourceTree = "<group>"; };
		00A9A395245F53F3003FB518 /* Router.swift */ = {isa = PBXFileReference; fileEncoding = 4; lastKnownFileType = sourcecode.swift; path = Router.swift; sourceTree = "<group>"; };
		00A9A3A0245F53FB003FB518 /* FadeAnimator.swift */ = {isa = PBXFileReference; fileEncoding = 4; lastKnownFileType = sourcecode.swift; path = FadeAnimator.swift; sourceTree = "<group>"; };
		00A9A3A3245F54B4003FB518 /* DependencyContainer.swift */ = {isa = PBXFileReference; fileEncoding = 4; lastKnownFileType = sourcecode.swift; path = DependencyContainer.swift; sourceTree = "<group>"; };
		00A9A3AC245F54FA003FB518 /* CoordinatorFactory.swift */ = {isa = PBXFileReference; fileEncoding = 4; lastKnownFileType = sourcecode.swift; path = CoordinatorFactory.swift; sourceTree = "<group>"; };
		00A9A3AE245F54FA003FB518 /* ViewControllerFactory.swift */ = {isa = PBXFileReference; fileEncoding = 4; lastKnownFileType = sourcecode.swift; path = ViewControllerFactory.swift; sourceTree = "<group>"; };
		00A9A3B1245F6357003FB518 /* ScanViewControllerFactoryImp.swift */ = {isa = PBXFileReference; fileEncoding = 4; lastKnownFileType = sourcecode.swift; path = ScanViewControllerFactoryImp.swift; sourceTree = "<group>"; };
		00A9A3B5245F63AA003FB518 /* UIButton.swift */ = {isa = PBXFileReference; fileEncoding = 4; lastKnownFileType = sourcecode.swift; path = UIButton.swift; sourceTree = "<group>"; };
		00A9A3B6245F63AA003FB518 /* UIViewController.swift */ = {isa = PBXFileReference; fileEncoding = 4; lastKnownFileType = sourcecode.swift; path = UIViewController.swift; sourceTree = "<group>"; };
		00A9A3B7245F63AA003FB518 /* UINavigationBar.swift */ = {isa = PBXFileReference; fileEncoding = 4; lastKnownFileType = sourcecode.swift; path = UINavigationBar.swift; sourceTree = "<group>"; };
		00A9A3B8245F63AA003FB518 /* UIStoryboard.swift */ = {isa = PBXFileReference; fileEncoding = 4; lastKnownFileType = sourcecode.swift; path = UIStoryboard.swift; sourceTree = "<group>"; };
		00A9A3BA245F63AA003FB518 /* DateFormatter.swift */ = {isa = PBXFileReference; fileEncoding = 4; lastKnownFileType = sourcecode.swift; path = DateFormatter.swift; sourceTree = "<group>"; };
		00B4981224732D05009E14C6 /* WGesture.swift */ = {isa = PBXFileReference; lastKnownFileType = sourcecode.swift; path = WGesture.swift; sourceTree = "<group>"; };
		00BAA452244B38100036DB0C /* FIleManager+Dir.swift */ = {isa = PBXFileReference; lastKnownFileType = sourcecode.swift; path = "FIleManager+Dir.swift"; sourceTree = "<group>"; };
		00BAA459244B425A0036DB0C /* W3wManager.swift */ = {isa = PBXFileReference; lastKnownFileType = sourcecode.swift; path = W3wManager.swift; sourceTree = "<group>"; };
		00BAA45B244B42790036DB0C /* OCRManager.swift */ = {isa = PBXFileReference; fileEncoding = 4; lastKnownFileType = sourcecode.swift; path = OCRManager.swift; sourceTree = "<group>"; };
		00BAA45D244B429A0036DB0C /* W3wDataModel.swift */ = {isa = PBXFileReference; lastKnownFileType = sourcecode.swift; path = W3wDataModel.swift; sourceTree = "<group>"; };
		00BAA45F244B42A80036DB0C /* W3wCoreMLModel.swift */ = {isa = PBXFileReference; lastKnownFileType = sourcecode.swift; path = W3wCoreMLModel.swift; sourceTree = "<group>"; };
		00BAA462244B44D80036DB0C /* Logging.swift */ = {isa = PBXFileReference; lastKnownFileType = sourcecode.swift; path = Logging.swift; sourceTree = "<group>"; };
		00BAA469244BBE4A0036DB0C /* ImageProcess.swift */ = {isa = PBXFileReference; lastKnownFileType = sourcecode.swift; path = ImageProcess.swift; sourceTree = "<group>"; };
		00CA222124748482006133E6 /* UIView.swift */ = {isa = PBXFileReference; lastKnownFileType = sourcecode.swift; path = UIView.swift; sourceTree = "<group>"; };
		00CDC73B248AD11B003A9900 /* ReportCoordinator.swift */ = {isa = PBXFileReference; lastKnownFileType = sourcecode.swift; path = ReportCoordinator.swift; sourceTree = "<group>"; };
		00CDC741248AE590003A9900 /* AnnotateView.swift */ = {isa = PBXFileReference; fileEncoding = 4; lastKnownFileType = sourcecode.swift; path = AnnotateView.swift; sourceTree = "<group>"; };
		00CDC742248AE590003A9900 /* CornerDragView.swift */ = {isa = PBXFileReference; fileEncoding = 4; lastKnownFileType = sourcecode.swift; path = CornerDragView.swift; sourceTree = "<group>"; };
		00CDC748248AE683003A9900 /* ReportController.swift */ = {isa = PBXFileReference; fileEncoding = 4; lastKnownFileType = sourcecode.swift; path = ReportController.swift; sourceTree = "<group>"; };
		00CDC74A248AEACA003A9900 /* ReportViewControllerFactoryImp.swift */ = {isa = PBXFileReference; lastKnownFileType = sourcecode.swift; path = ReportViewControllerFactoryImp.swift; sourceTree = "<group>"; };
		4BE4A7192C3D1FF47CECAC43 /* Pods-ObjectDetection.debug.xcconfig */ = {isa = PBXFileReference; includeInIndex = 1; lastKnownFileType = text.xcconfig; name = "Pods-ObjectDetection.debug.xcconfig"; path = "Target Support Files/Pods-ObjectDetection/Pods-ObjectDetection.debug.xcconfig"; sourceTree = "<group>"; };
		73AA4EF7377043D05FE722E8 /* Pods_ObjectDetection.framework */ = {isa = PBXFileReference; explicitFileType = wrapper.framework; includeInIndex = 0; path = Pods_ObjectDetection.framework; sourceTree = BUILT_PRODUCTS_DIR; };
		7BCB411721C3096100BFC4D0 /* ObjectDetection.app */ = {isa = PBXFileReference; explicitFileType = wrapper.application; includeInIndex = 0; path = ObjectDetection.app; sourceTree = BUILT_PRODUCTS_DIR; };
		7BCB411A21C3096100BFC4D0 /* AppDelegate.swift */ = {isa = PBXFileReference; lastKnownFileType = sourcecode.swift; path = AppDelegate.swift; sourceTree = "<group>"; };
		7BCB411F21C3096100BFC4D0 /* Base */ = {isa = PBXFileReference; lastKnownFileType = file.storyboard; name = Base; path = Base.lproj/Main.storyboard; sourceTree = "<group>"; };
		7BCB412121C3096200BFC4D0 /* Assets.xcassets */ = {isa = PBXFileReference; lastKnownFileType = folder.assetcatalog; path = Assets.xcassets; sourceTree = "<group>"; };
		7BCB412421C3096200BFC4D0 /* Base */ = {isa = PBXFileReference; lastKnownFileType = file.storyboard; name = Base; path = Base.lproj/LaunchScreen.storyboard; sourceTree = "<group>"; };
		7BCB412621C3096200BFC4D0 /* Info.plist */ = {isa = PBXFileReference; lastKnownFileType = text.plist.xml; path = Info.plist; sourceTree = "<group>"; };
		7BCB412F21C309B900BFC4D0 /* VideoCapture.swift */ = {isa = PBXFileReference; fileEncoding = 4; lastKnownFileType = sourcecode.swift; path = VideoCapture.swift; sourceTree = "<group>"; };
		8489D13ABB4DD744C756DA69 /* Pods-ObjectDetection.release.xcconfig */ = {isa = PBXFileReference; includeInIndex = 1; lastKnownFileType = text.xcconfig; name = "Pods-ObjectDetection.release.xcconfig"; path = "Target Support Files/Pods-ObjectDetection/Pods-ObjectDetection.release.xcconfig"; sourceTree = "<group>"; };
/* End PBXFileReference section */

/* Begin PBXFrameworksBuildPhase section */
		7BCB411421C3096100BFC4D0 /* Frameworks */ = {
			isa = PBXFrameworksBuildPhase;
			buildActionMask = 2147483647;
			files = (
				005071E8243F6E0000DBC581 /* libc++.tbd in Frameworks */,
				00507200243F751F00DBC581 /* what3words.framework in Frameworks */,
				00507201243F754200DBC581 /* ocrsdk.framework in Frameworks */,
				5660C088AF7FB420F6568B12 /* Pods_ObjectDetection.framework in Frameworks */,
			);
			runOnlyForDeploymentPostprocessing = 0;
		};
/* End PBXFrameworksBuildPhase section */

/* Begin PBXGroup section */
		000087AD245A312E006ACD1C /* Fonts */ = {
			isa = PBXGroup;
			children = (
				0000879D245A3129006ACD1C /* SourceSansPro-Black.ttf */,
				00008798245A3129006ACD1C /* SourceSansPro-BlackIt.ttf */,
				0000879A245A3129006ACD1C /* SourceSansPro-Bold.ttf */,
				00008795245A3129006ACD1C /* SourceSansPro-BoldIt.ttf */,
				0000879B245A3129006ACD1C /* SourceSansPro-ExtraLight.ttf */,
				0000879C245A3129006ACD1C /* SourceSansPro-ExtraLightIt.ttf */,
				0000879E245A3129006ACD1C /* SourceSansPro-It.ttf */,
				00008797245A3129006ACD1C /* SourceSansPro-Light.ttf */,
				0000879F245A3129006ACD1C /* SourceSansPro-LightIt.ttf */,
				00008799245A3129006ACD1C /* SourceSansPro-Regular.ttf */,
				000087A0245A3129006ACD1C /* SourceSansPro-Semibold.ttf */,
				00008796245A3129006ACD1C /* SourceSansPro-SemiboldIt.ttf */,
			);
			name = Fonts;
			sourceTree = "<group>";
		};
		005071CE243F329A00DBC581 /* libs */ = {
			isa = PBXGroup;
			children = (
				005071FD243F74EF00DBC581 /* ocrsdk.framework */,
				005071D0243F32C300DBC581 /* what3words.framework */,
			);
			name = libs;
			sourceTree = "<group>";
		};
		005071D3243F32CF00DBC581 /* Data */ = {
			isa = PBXGroup;
			children = (
				005071D5243F32E600DBC581 /* w3w-data.zip */,
				005071D6243F32E600DBC581 /* w3w.mlmodel */,
			);
			name = Data;
			sourceTree = "<group>";
		};
		005071DA243F3DCC00DBC581 /* Frameworks */ = {
			isa = PBXGroup;
			children = (
				005071DB243F3DCC00DBC581 /* libc++.tbd */,
				73AA4EF7377043D05FE722E8 /* Pods_ObjectDetection.framework */,
			);
			name = Frameworks;
			sourceTree = "<group>";
		};
		0071D44624869D5600F7DA5B /* CropImageView */ = {
			isa = PBXGroup;
			children = (
				00CDC741248AE590003A9900 /* AnnotateView.swift */,
				00CDC742248AE590003A9900 /* CornerDragView.swift */,
				0071D45D2486E2F600F7DA5B /* Utils.swift */,
			);
			path = CropImageView;
			sourceTree = "<group>";
		};
		007B502024689B57000392E4 /* Models */ = {
			isa = PBXGroup;
			children = (
				007B502124689B57000392E4 /* Networking */,
			);
			path = Models;
			sourceTree = "<group>";
		};
		007B502124689B57000392E4 /* Networking */ = {
			isa = PBXGroup;
			children = (
				007B502224689B57000392E4 /* AlertMessage.swift */,
				007B502324689B57000392E4 /* NetworkError.swift */,
			);
			path = Networking;
			sourceTree = "<group>";
		};
		007B502624689C3B000392E4 /* Coordinators */ = {
			isa = PBXGroup;
			children = (
				007B502724689C3B000392E4 /* ApplicationCoordinator.swift */,
				007B502824689C3B000392E4 /* ScanCoordinator.swift */,
				00CDC73B248AD11B003A9900 /* ReportCoordinator.swift */,
			);
			path = Coordinators;
			sourceTree = "<group>";
		};
		007B502B24689CA0000392E4 /* View Controllers */ = {
			isa = PBXGroup;
			children = (
				007B502C24689CA0000392E4 /* BaseViewController.swift */,
				007B505324694E21000392E4 /* CameraViewController */,
				007B5054246955DA000392E4 /* PhotoViewController */,
				00CDC747248AE683003A9900 /* ReportViewController */,
				007B502F24689CA0000392E4 /* CoordinatorNavigationController.swift */,
			);
			path = "View Controllers";
			sourceTree = "<group>";
		};
		007B503424689D04000392E4 /* Views */ = {
			isa = PBXGroup;
			children = (
				0071D44624869D5600F7DA5B /* CropImageView */,
				008031892485387000260AC1 /* CustomSlider.swift */,
				00B4981224732D05009E14C6 /* WGesture.swift */,
				007B504124689D7E000392E4 /* others */,
				007B503624689D04000392E4 /* PhotoDetectionView.swift */,
				0099AA4C246D4DB00064F515 /* ThreeWordBoundingBoxView.swift */,
				007B503724689D04000392E4 /* BoundingBoxView.swift */,
				0099E17F24747B9900BB9D11 /* PerformanceView.swift */,
				007B504C24689E9B000392E4 /* W3wSuggestionView */,
			);
			path = Views;
			sourceTree = "<group>";
		};
		007B504124689D7E000392E4 /* others */ = {
			isa = PBXGroup;
			children = (
				007B504624689E06000392E4 /* CustomBackButton.swift */,
				007B504424689DF4000392E4 /* PaddingUILabel.swift */,
			);
			path = others;
			sourceTree = "<group>";
		};
		007B504C24689E9B000392E4 /* W3wSuggestionView */ = {
			isa = PBXGroup;
			children = (
				007B503C24689D33000392E4 /* W3wSuggestionDataSource.swift */,
				007B504A24689E87000392E4 /* W3wSuggestionTableViewCell.swift */,
				007B504824689E70000392E4 /* W3wSuggestionView.swift */,
			);
			path = W3wSuggestionView;
			sourceTree = "<group>";
		};
		007B505324694E21000392E4 /* CameraViewController */ = {
			isa = PBXGroup;
			children = (
				007B502D24689CA0000392E4 /* CameraController.swift */,
				007B505124694E1A000392E4 /* CameraViewModel.swift */,
				007B504F24694DF4000392E4 /* CameraModel.swift */,
			);
			path = CameraViewController;
			sourceTree = "<group>";
		};
		007B5054246955DA000392E4 /* PhotoViewController */ = {
			isa = PBXGroup;
			children = (
				007B502E24689CA0000392E4 /* PhotoController.swift */,
			);
			path = PhotoViewController;
			sourceTree = "<group>";
		};
		00A9A387245F53F3003FB518 /* BaseCoordinator */ = {
			isa = PBXGroup;
			children = (
				00A9A388245F53F3003FB518 /* Enums */,
				00A9A38B245F53F3003FB518 /* Extensions */,
				00A9A38D245F53F3003FB518 /* Protocols */,
				00A9A392245F53F3003FB518 /* Base */,
				00A9A394245F53F3003FB518 /* Router */,
			);
			path = BaseCoordinator;
			sourceTree = "<group>";
		};
		00A9A388245F53F3003FB518 /* Enums */ = {
			isa = PBXGroup;
			children = (
				00A9A389245F53F3003FB518 /* DeepLinkOption.swift */,
				00A9A38A245F53F3003FB518 /* LaunchInstructor.swift */,
			);
			path = Enums;
			sourceTree = "<group>";
		};
		00A9A38B245F53F3003FB518 /* Extensions */ = {
			isa = PBXGroup;
			children = (
				00A9A38C245F53F3003FB518 /* ViewController+Coordinator.swift */,
			);
			path = Extensions;
			sourceTree = "<group>";
		};
		00A9A38D245F53F3003FB518 /* Protocols */ = {
			isa = PBXGroup;
			children = (
				00A9A38E245F53F3003FB518 /* AuthCoordinatorOutput.swift */,
				00A9A38F245F53F3003FB518 /* BaseViewControllerProtocol.swift */,
				00A9A390245F53F3003FB518 /* Presentable.swift */,
				00A9A391245F53F3003FB518 /* Coordinator.swift */,
			);
			path = Protocols;
			sourceTree = "<group>";
		};
		00A9A392245F53F3003FB518 /* Base */ = {
			isa = PBXGroup;
			children = (
				00A9A393245F53F3003FB518 /* BaseCoordinator.swift */,
			);
			path = Base;
			sourceTree = "<group>";
		};
		00A9A394245F53F3003FB518 /* Router */ = {
			isa = PBXGroup;
			children = (
				00A9A395245F53F3003FB518 /* Router.swift */,
			);
			path = Router;
			sourceTree = "<group>";
		};
		00A9A39F245F53FB003FB518 /* Transitions */ = {
			isa = PBXGroup;
			children = (
				00A9A3A0245F53FB003FB518 /* FadeAnimator.swift */,
			);
			path = Transitions;
			sourceTree = "<group>";
		};
		00A9A3A2245F54B4003FB518 /* DependencyContainer */ = {
			isa = PBXGroup;
			children = (
				00A9A3A3245F54B4003FB518 /* DependencyContainer.swift */,
				00A9A3A4245F54B4003FB518 /* FactoryProtocolmp */,
			);
			path = DependencyContainer;
			sourceTree = "<group>";
		};
		00A9A3A4245F54B4003FB518 /* FactoryProtocolmp */ = {
			isa = PBXGroup;
			children = (
				00A9A3B1245F6357003FB518 /* ScanViewControllerFactoryImp.swift */,
				00CDC74A248AEACA003A9900 /* ReportViewControllerFactoryImp.swift */,
			);
			path = FactoryProtocolmp;
			sourceTree = "<group>";
		};
		00A9A3AA245F54FA003FB518 /* Factory */ = {
			isa = PBXGroup;
			children = (
				00A9A3AB245F54FA003FB518 /* CoordinatorFactory */,
				00A9A3AD245F54FA003FB518 /* ViewControllerFactory */,
			);
			path = Factory;
			sourceTree = "<group>";
		};
		00A9A3AB245F54FA003FB518 /* CoordinatorFactory */ = {
			isa = PBXGroup;
			children = (
				00A9A3AC245F54FA003FB518 /* CoordinatorFactory.swift */,
			);
			path = CoordinatorFactory;
			sourceTree = "<group>";
		};
		00A9A3AD245F54FA003FB518 /* ViewControllerFactory */ = {
			isa = PBXGroup;
			children = (
				00A9A3AE245F54FA003FB518 /* ViewControllerFactory.swift */,
			);
			path = ViewControllerFactory;
			sourceTree = "<group>";
		};
		00A9A3B3245F63AA003FB518 /* Extensions */ = {
			isa = PBXGroup;
			children = (
				00A9A3B4245F63AA003FB518 /* UI */,
				00A9A3B9245F63AA003FB518 /* Other */,
			);
			path = Extensions;
			sourceTree = "<group>";
		};
		00A9A3B4245F63AA003FB518 /* UI */ = {
			isa = PBXGroup;
			children = (
				00A9A3B5245F63AA003FB518 /* UIButton.swift */,
				00A9A3B6245F63AA003FB518 /* UIViewController.swift */,
				00A9A3B7245F63AA003FB518 /* UINavigationBar.swift */,
				00A9A3B8245F63AA003FB518 /* UIStoryboard.swift */,
				00CA222124748482006133E6 /* UIView.swift */,
			);
			path = UI;
			sourceTree = "<group>";
		};
		00A9A3B9245F63AA003FB518 /* Other */ = {
			isa = PBXGroup;
			children = (
				00BAA452244B38100036DB0C /* FIleManager+Dir.swift */,
				00A9A3BA245F63AA003FB518 /* DateFormatter.swift */,
				007B50552469D592000392E4 /* NSAttributedString+Extensions.swift */,
			);
			path = Other;
			sourceTree = "<group>";
		};
		00BAA451244B37E70036DB0C /* Utils */ = {
			isa = PBXGroup;
			children = (
				00439ACC248BE487001E2675 /* Dynamic.swift */,
				7BCB412F21C309B900BFC4D0 /* VideoCapture.swift */,
				00BAA469244BBE4A0036DB0C /* ImageProcess.swift */,
				00BAA461244B44C70036DB0C /* Others */,
				0099AA50246DEDC70064F515 /* IdleTimer.swift */,
			);
			name = Utils;
			sourceTree = "<group>";
		};
		00BAA456244B420A0036DB0C /* w3w */ = {
			isa = PBXGroup;
			children = (
				00BAA458244B422E0036DB0C /* Data */,
				00BAA457244B42180036DB0C /* SDK */,
			);
			name = w3w;
			sourceTree = "<group>";
		};
		00BAA457244B42180036DB0C /* SDK */ = {
			isa = PBXGroup;
			children = (
				00BAA459244B425A0036DB0C /* W3wManager.swift */,
				00BAA45B244B42790036DB0C /* OCRManager.swift */,
			);
			name = SDK;
			sourceTree = "<group>";
		};
		00BAA458244B422E0036DB0C /* Data */ = {
			isa = PBXGroup;
			children = (
				00BAA45D244B429A0036DB0C /* W3wDataModel.swift */,
				00BAA45F244B42A80036DB0C /* W3wCoreMLModel.swift */,
			);
			name = Data;
			sourceTree = "<group>";
		};
		00BAA461244B44C70036DB0C /* Others */ = {
			isa = PBXGroup;
			children = (
				005071DF243F66A700DBC581 /* Config.swift */,
				00507202243FD54200DBC581 /* Settings.swift */,
				00BAA462244B44D80036DB0C /* Logging.swift */,
				00008793245A2F62006ACD1C /* Extension.swift */,
			);
			name = Others;
			sourceTree = "<group>";
		};
		00BAA464244B7C5B0036DB0C /* Coordinator */ = {
			isa = PBXGroup;
			children = (
				00A9A39F245F53FB003FB518 /* Transitions */,
				00A9A387245F53F3003FB518 /* BaseCoordinator */,
				007B502624689C3B000392E4 /* Coordinators */,
			);
			name = Coordinator;
			sourceTree = "<group>";
		};
		00BAA467244B7D140036DB0C /* Resources */ = {
			isa = PBXGroup;
			children = (
				000087AD245A312E006ACD1C /* Fonts */,
				7BCB412121C3096200BFC4D0 /* Assets.xcassets */,
				7BCB412621C3096200BFC4D0 /* Info.plist */,
				7BCB412321C3096200BFC4D0 /* LaunchScreen.storyboard */,
				7BCB411E21C3096100BFC4D0 /* Main.storyboard */,
			);
			name = Resources;
			sourceTree = "<group>";
		};
		00CDC747248AE683003A9900 /* ReportViewController */ = {
			isa = PBXGroup;
			children = (
				00CDC748248AE683003A9900 /* ReportController.swift */,
				009A6612248C49ED009A74EB /* ReportModel.swift */,
				00439ACE248C0AD8001E2675 /* ReportView.swift */,
			);
			path = ReportViewController;
			sourceTree = "<group>";
		};
		7BCB410E21C3096100BFC4D0 = {
			isa = PBXGroup;
			children = (
				7BCB411921C3096100BFC4D0 /* ObjectDetection */,
				7BCB411821C3096100BFC4D0 /* Products */,
				005071DA243F3DCC00DBC581 /* Frameworks */,
				D49F4CE87BED73175ED1AD98 /* Pods */,
			);
			sourceTree = "<group>";
		};
		7BCB411821C3096100BFC4D0 /* Products */ = {
			isa = PBXGroup;
			children = (
				7BCB411721C3096100BFC4D0 /* ObjectDetection.app */,
			);
			name = Products;
			sourceTree = "<group>";
		};
		7BCB411921C3096100BFC4D0 /* ObjectDetection */ = {
			isa = PBXGroup;
			children = (
				7BCB411A21C3096100BFC4D0 /* AppDelegate.swift */,
				007B502024689B57000392E4 /* Models */,
				00A9A3AA245F54FA003FB518 /* Factory */,
				00A9A3A2245F54B4003FB518 /* DependencyContainer */,
				00BAA464244B7C5B0036DB0C /* Coordinator */,
				007B502B24689CA0000392E4 /* View Controllers */,
				007B503424689D04000392E4 /* Views */,
				00A9A3B3245F63AA003FB518 /* Extensions */,
				00BAA456244B420A0036DB0C /* w3w */,
				00BAA451244B37E70036DB0C /* Utils */,
				005071D3243F32CF00DBC581 /* Data */,
				005071CE243F329A00DBC581 /* libs */,
				00BAA467244B7D140036DB0C /* Resources */,
			);
			path = ObjectDetection;
			sourceTree = "<group>";
		};
		D49F4CE87BED73175ED1AD98 /* Pods */ = {
			isa = PBXGroup;
			children = (
				4BE4A7192C3D1FF47CECAC43 /* Pods-ObjectDetection.debug.xcconfig */,
				8489D13ABB4DD744C756DA69 /* Pods-ObjectDetection.release.xcconfig */,
			);
			path = Pods;
			sourceTree = "<group>";
		};
/* End PBXGroup section */

/* Begin PBXNativeTarget section */
		7BCB411621C3096100BFC4D0 /* ObjectDetection */ = {
			isa = PBXNativeTarget;
			buildConfigurationList = 7BCB412921C3096200BFC4D0 /* Build configuration list for PBXNativeTarget "ObjectDetection" */;
			buildPhases = (
				17673D25758807DE7A347A03 /* [CP] Check Pods Manifest.lock */,
				7BCB411321C3096100BFC4D0 /* Sources */,
				7BCB411421C3096100BFC4D0 /* Frameworks */,
				7BCB411521C3096100BFC4D0 /* Resources */,
				EE8B9D8293894DC88347D0AD /* [CP] Embed Pods Frameworks */,
			);
			buildRules = (
			);
			dependencies = (
			);
			name = ObjectDetection;
			productName = ObjectDetection;
			productReference = 7BCB411721C3096100BFC4D0 /* ObjectDetection.app */;
			productType = "com.apple.product-type.application";
		};
/* End PBXNativeTarget section */

/* Begin PBXProject section */
		7BCB410F21C3096100BFC4D0 /* Project object */ = {
			isa = PBXProject;
			attributes = {
				LastSwiftUpdateCheck = 1010;
				LastUpgradeCheck = 1010;
				ORGANIZATIONNAME = MachineThink;
				TargetAttributes = {
					7BCB411621C3096100BFC4D0 = {
						CreatedOnToolsVersion = 10.1;
						LastSwiftMigration = 1100;
					};
				};
			};
			buildConfigurationList = 7BCB411221C3096100BFC4D0 /* Build configuration list for PBXProject "ObjectDetection" */;
			compatibilityVersion = "Xcode 9.3";
			developmentRegion = en;
			hasScannedForEncodings = 0;
			knownRegions = (
				en,
				Base,
			);
			mainGroup = 7BCB410E21C3096100BFC4D0;
			productRefGroup = 7BCB411821C3096100BFC4D0 /* Products */;
			projectDirPath = "";
			projectRoot = "";
			targets = (
				7BCB411621C3096100BFC4D0 /* ObjectDetection */,
			);
		};
/* End PBXProject section */

/* Begin PBXResourcesBuildPhase section */
		7BCB411521C3096100BFC4D0 /* Resources */ = {
			isa = PBXResourcesBuildPhase;
			buildActionMask = 2147483647;
			files = (
				007B501D2466F3E0000392E4 /* SourceSansPro-Regular.ttf in Resources */,
				000087AB245A3129006ACD1C /* SourceSansPro-LightIt.ttf in Resources */,
				7BCB412521C3096200BFC4D0 /* LaunchScreen.storyboard in Resources */,
				000087A1245A3129006ACD1C /* SourceSansPro-BoldIt.ttf in Resources */,
				000087A9245A3129006ACD1C /* SourceSansPro-Black.ttf in Resources */,
				000087A3245A3129006ACD1C /* SourceSansPro-Light.ttf in Resources */,
				000087A4245A3129006ACD1C /* SourceSansPro-BlackIt.ttf in Resources */,
				000087A2245A3129006ACD1C /* SourceSansPro-SemiboldIt.ttf in Resources */,
				7BCB412221C3096200BFC4D0 /* Assets.xcassets in Resources */,
				005071D8243F32E600DBC581 /* w3w-data.zip in Resources */,
				000087AC245A3129006ACD1C /* SourceSansPro-Semibold.ttf in Resources */,
				000087A8245A3129006ACD1C /* SourceSansPro-ExtraLightIt.ttf in Resources */,
				000087A6245A3129006ACD1C /* SourceSansPro-Bold.ttf in Resources */,
				000087A7245A3129006ACD1C /* SourceSansPro-ExtraLight.ttf in Resources */,
				000087AA245A3129006ACD1C /* SourceSansPro-It.ttf in Resources */,
				7BCB412021C3096100BFC4D0 /* Main.storyboard in Resources */,
			);
			runOnlyForDeploymentPostprocessing = 0;
		};
/* End PBXResourcesBuildPhase section */

/* Begin PBXShellScriptBuildPhase section */
		17673D25758807DE7A347A03 /* [CP] Check Pods Manifest.lock */ = {
			isa = PBXShellScriptBuildPhase;
			buildActionMask = 2147483647;
			files = (
			);
			inputFileListPaths = (
			);
			inputPaths = (
				"${PODS_PODFILE_DIR_PATH}/Podfile.lock",
				"${PODS_ROOT}/Manifest.lock",
			);
			name = "[CP] Check Pods Manifest.lock";
			outputFileListPaths = (
			);
			outputPaths = (
				"$(DERIVED_FILE_DIR)/Pods-ObjectDetection-checkManifestLockResult.txt",
			);
			runOnlyForDeploymentPostprocessing = 0;
			shellPath = /bin/sh;
			shellScript = "diff \"${PODS_PODFILE_DIR_PATH}/Podfile.lock\" \"${PODS_ROOT}/Manifest.lock\" > /dev/null\nif [ $? != 0 ] ; then\n    # print error to STDERR\n    echo \"error: The sandbox is not in sync with the Podfile.lock. Run 'pod install' or update your CocoaPods installation.\" >&2\n    exit 1\nfi\n# This output is used by Xcode 'outputs' to avoid re-running this script phase.\necho \"SUCCESS\" > \"${SCRIPT_OUTPUT_FILE_0}\"\n";
			showEnvVarsInLog = 0;
		};
		EE8B9D8293894DC88347D0AD /* [CP] Embed Pods Frameworks */ = {
			isa = PBXShellScriptBuildPhase;
			buildActionMask = 2147483647;
			files = (
			);
			inputFileListPaths = (
				"${PODS_ROOT}/Target Support Files/Pods-ObjectDetection/Pods-ObjectDetection-frameworks-${CONFIGURATION}-input-files.xcfilelist",
			);
			name = "[CP] Embed Pods Frameworks";
			outputFileListPaths = (
				"${PODS_ROOT}/Target Support Files/Pods-ObjectDetection/Pods-ObjectDetection-frameworks-${CONFIGURATION}-output-files.xcfilelist",
			);
			runOnlyForDeploymentPostprocessing = 0;
			shellPath = /bin/sh;
			shellScript = "\"${PODS_ROOT}/Target Support Files/Pods-ObjectDetection/Pods-ObjectDetection-frameworks.sh\"\n";
			showEnvVarsInLog = 0;
		};
/* End PBXShellScriptBuildPhase section */

/* Begin PBXSourcesBuildPhase section */
		7BCB411321C3096100BFC4D0 /* Sources */ = {
			isa = PBXSourcesBuildPhase;
			buildActionMask = 2147483647;
			files = (
				00BAA463244B44D80036DB0C /* Logging.swift in Sources */,
				0099AA4D246D4DB00064F515 /* ThreeWordBoundingBoxView.swift in Sources */,
				00439ACF248C0AD8001E2675 /* ReportView.swift in Sources */,
				00507203243FD54200DBC581 /* Settings.swift in Sources */,
				0099E18024747B9900BB9D11 /* PerformanceView.swift in Sources */,
				007B505024694DF4000392E4 /* CameraModel.swift in Sources */,
				00A9A3B0245F54FA003FB518 /* ViewControllerFactory.swift in Sources */,
				00A9A397245F53F3003FB518 /* LaunchInstructor.swift in Sources */,
				00A9A3A7245F54B4003FB518 /* DependencyContainer.swift in Sources */,
				00A9A39E245F53F3003FB518 /* Router.swift in Sources */,
				007B50562469D592000392E4 /* NSAttributedString+Extensions.swift in Sources */,
				00A9A3AF245F54FA003FB518 /* CoordinatorFactory.swift in Sources */,
				00BAA45E244B429A0036DB0C /* W3wDataModel.swift in Sources */,
				00A9A39C245F53F3003FB518 /* Coordinator.swift in Sources */,
				007B504724689E06000392E4 /* CustomBackButton.swift in Sources */,
				00A9A3BC245F63AA003FB518 /* UIViewController.swift in Sources */,
				00A9A399245F53F3003FB518 /* AuthCoordinatorOutput.swift in Sources */,
				007B503324689CA0000392E4 /* CoordinatorNavigationController.swift in Sources */,
				00BAA45A244B425A0036DB0C /* W3wManager.swift in Sources */,
				00CDC73C248AD11B003A9900 /* ReportCoordinator.swift in Sources */,
				00A9A39B245F53F3003FB518 /* Presentable.swift in Sources */,
				00BAA460244B42A80036DB0C /* W3wCoreMLModel.swift in Sources */,
				00CDC744248AE590003A9900 /* CornerDragView.swift in Sources */,
				007B503024689CA0000392E4 /* BaseViewController.swift in Sources */,
				7BCB411B21C3096100BFC4D0 /* AppDelegate.swift in Sources */,
				00A9A3BD245F63AA003FB518 /* UINavigationBar.swift in Sources */,
				007B504524689DF4000392E4 /* PaddingUILabel.swift in Sources */,
				007B502424689B57000392E4 /* AlertMessage.swift in Sources */,
				007B504924689E70000392E4 /* W3wSuggestionView.swift in Sources */,
				0080318A2485387000260AC1 /* CustomSlider.swift in Sources */,
				005071E0243F66A700DBC581 /* Config.swift in Sources */,
				00A9A3BE245F63AA003FB518 /* UIStoryboard.swift in Sources */,
				00A9A3BF245F63AA003FB518 /* DateFormatter.swift in Sources */,
				007B502924689C3B000392E4 /* ApplicationCoordinator.swift in Sources */,
				00CDC743248AE590003A9900 /* AnnotateView.swift in Sources */,
				00A9A3B2245F6357003FB518 /* ScanViewControllerFactoryImp.swift in Sources */,
				00A9A398245F53F3003FB518 /* ViewController+Coordinator.swift in Sources */,
				00A9A39A245F53F3003FB518 /* BaseViewControllerProtocol.swift in Sources */,
				007B502524689B57000392E4 /* NetworkError.swift in Sources */,
				007B505224694E1A000392E4 /* CameraViewModel.swift in Sources */,
				00CA222224748482006133E6 /* UIView.swift in Sources */,
				00BAA45C244B42790036DB0C /* OCRManager.swift in Sources */,
				005071D9243F32E600DBC581 /* w3w.mlmodel in Sources */,
				00B4981324732D05009E14C6 /* WGesture.swift in Sources */,
				00008794245A2F62006ACD1C /* Extension.swift in Sources */,
				00439ACD248BE487001E2675 /* Dynamic.swift in Sources */,
				00A9A3A1245F53FB003FB518 /* FadeAnimator.swift in Sources */,
				00BAA453244B38100036DB0C /* FIleManager+Dir.swift in Sources */,
				00A9A39D245F53F3003FB518 /* BaseCoordinator.swift in Sources */,
				00A9A3BB245F63AA003FB518 /* UIButton.swift in Sources */,
				00CDC749248AE683003A9900 /* ReportController.swift in Sources */,
				007B503124689CA0000392E4 /* CameraController.swift in Sources */,
				7BCB413321C309B900BFC4D0 /* VideoCapture.swift in Sources */,
				007B502A24689C3B000392E4 /* ScanCoordinator.swift in Sources */,
				00CDC74B248AEACA003A9900 /* ReportViewControllerFactoryImp.swift in Sources */,
				007B503E24689D33000392E4 /* W3wSuggestionDataSource.swift in Sources */,
				007B503224689CA0000392E4 /* PhotoController.swift in Sources */,
				009A6613248C49ED009A74EB /* ReportModel.swift in Sources */,
				0071D4622486E2F600F7DA5B /* Utils.swift in Sources */,
				007B503A24689D05000392E4 /* BoundingBoxView.swift in Sources */,
				007B504B24689E87000392E4 /* W3wSuggestionTableViewCell.swift in Sources */,
				00BAA46A244BBE4A0036DB0C /* ImageProcess.swift in Sources */,
				0099AA51246DEDC70064F515 /* IdleTimer.swift in Sources */,
				007B503924689D05000392E4 /* PhotoDetectionView.swift in Sources */,
				00A9A396245F53F3003FB518 /* DeepLinkOption.swift in Sources */,
			);
			runOnlyForDeploymentPostprocessing = 0;
		};
/* End PBXSourcesBuildPhase section */

/* Begin PBXVariantGroup section */
		7BCB411E21C3096100BFC4D0 /* Main.storyboard */ = {
			isa = PBXVariantGroup;
			children = (
				7BCB411F21C3096100BFC4D0 /* Base */,
			);
			name = Main.storyboard;
			sourceTree = "<group>";
		};
		7BCB412321C3096200BFC4D0 /* LaunchScreen.storyboard */ = {
			isa = PBXVariantGroup;
			children = (
				7BCB412421C3096200BFC4D0 /* Base */,
			);
			name = LaunchScreen.storyboard;
			sourceTree = "<group>";
		};
/* End PBXVariantGroup section */

/* Begin XCBuildConfiguration section */
		7BCB412721C3096200BFC4D0 /* Debug */ = {
			isa = XCBuildConfiguration;
			buildSettings = {
				ALWAYS_SEARCH_USER_PATHS = NO;
				CLANG_ANALYZER_NONNULL = YES;
				CLANG_ANALYZER_NUMBER_OBJECT_CONVERSION = YES_AGGRESSIVE;
				CLANG_CXX_LANGUAGE_STANDARD = "gnu++14";
				CLANG_CXX_LIBRARY = "libc++";
				CLANG_ENABLE_MODULES = YES;
				CLANG_ENABLE_OBJC_ARC = YES;
				CLANG_ENABLE_OBJC_WEAK = YES;
				CLANG_WARN_BLOCK_CAPTURE_AUTORELEASING = YES;
				CLANG_WARN_BOOL_CONVERSION = YES;
				CLANG_WARN_COMMA = YES;
				CLANG_WARN_CONSTANT_CONVERSION = YES;
				CLANG_WARN_DEPRECATED_OBJC_IMPLEMENTATIONS = YES;
				CLANG_WARN_DIRECT_OBJC_ISA_USAGE = YES_ERROR;
				CLANG_WARN_DOCUMENTATION_COMMENTS = YES;
				CLANG_WARN_EMPTY_BODY = YES;
				CLANG_WARN_ENUM_CONVERSION = YES;
				CLANG_WARN_INFINITE_RECURSION = YES;
				CLANG_WARN_INT_CONVERSION = YES;
				CLANG_WARN_NON_LITERAL_NULL_CONVERSION = YES;
				CLANG_WARN_OBJC_IMPLICIT_RETAIN_SELF = YES;
				CLANG_WARN_OBJC_LITERAL_CONVERSION = YES;
				CLANG_WARN_OBJC_ROOT_CLASS = YES_ERROR;
				CLANG_WARN_RANGE_LOOP_ANALYSIS = YES;
				CLANG_WARN_STRICT_PROTOTYPES = YES;
				CLANG_WARN_SUSPICIOUS_MOVE = YES;
				CLANG_WARN_UNGUARDED_AVAILABILITY = YES_AGGRESSIVE;
				CLANG_WARN_UNREACHABLE_CODE = YES;
				CLANG_WARN__DUPLICATE_METHOD_MATCH = YES;
				CODE_SIGN_IDENTITY = "iPhone Developer";
				COPY_PHASE_STRIP = NO;
				DEBUG_INFORMATION_FORMAT = dwarf;
				ENABLE_STRICT_OBJC_MSGSEND = YES;
				ENABLE_TESTABILITY = YES;
				GCC_C_LANGUAGE_STANDARD = gnu11;
				GCC_DYNAMIC_NO_PIC = NO;
				GCC_NO_COMMON_BLOCKS = YES;
				GCC_OPTIMIZATION_LEVEL = 0;
				GCC_PREPROCESSOR_DEFINITIONS = (
					"DEBUG=1",
					"$(inherited)",
				);
				GCC_WARN_64_TO_32_BIT_CONVERSION = YES;
				GCC_WARN_ABOUT_RETURN_TYPE = YES_ERROR;
				GCC_WARN_UNDECLARED_SELECTOR = YES;
				GCC_WARN_UNINITIALIZED_AUTOS = YES_AGGRESSIVE;
				GCC_WARN_UNUSED_FUNCTION = YES;
				GCC_WARN_UNUSED_VARIABLE = YES;
				IPHONEOS_DEPLOYMENT_TARGET = 12.0;
				MTL_ENABLE_DEBUG_INFO = INCLUDE_SOURCE;
				MTL_FAST_MATH = YES;
				ONLY_ACTIVE_ARCH = YES;
				SDKROOT = iphoneos;
				SWIFT_ACTIVE_COMPILATION_CONDITIONS = DEBUG;
				SWIFT_OPTIMIZATION_LEVEL = "-Onone";
			};
			name = Debug;
		};
		7BCB412821C3096200BFC4D0 /* Release */ = {
			isa = XCBuildConfiguration;
			buildSettings = {
				ALWAYS_SEARCH_USER_PATHS = NO;
				CLANG_ANALYZER_NONNULL = YES;
				CLANG_ANALYZER_NUMBER_OBJECT_CONVERSION = YES_AGGRESSIVE;
				CLANG_CXX_LANGUAGE_STANDARD = "gnu++14";
				CLANG_CXX_LIBRARY = "libc++";
				CLANG_ENABLE_MODULES = YES;
				CLANG_ENABLE_OBJC_ARC = YES;
				CLANG_ENABLE_OBJC_WEAK = YES;
				CLANG_WARN_BLOCK_CAPTURE_AUTORELEASING = YES;
				CLANG_WARN_BOOL_CONVERSION = YES;
				CLANG_WARN_COMMA = YES;
				CLANG_WARN_CONSTANT_CONVERSION = YES;
				CLANG_WARN_DEPRECATED_OBJC_IMPLEMENTATIONS = YES;
				CLANG_WARN_DIRECT_OBJC_ISA_USAGE = YES_ERROR;
				CLANG_WARN_DOCUMENTATION_COMMENTS = YES;
				CLANG_WARN_EMPTY_BODY = YES;
				CLANG_WARN_ENUM_CONVERSION = YES;
				CLANG_WARN_INFINITE_RECURSION = YES;
				CLANG_WARN_INT_CONVERSION = YES;
				CLANG_WARN_NON_LITERAL_NULL_CONVERSION = YES;
				CLANG_WARN_OBJC_IMPLICIT_RETAIN_SELF = YES;
				CLANG_WARN_OBJC_LITERAL_CONVERSION = YES;
				CLANG_WARN_OBJC_ROOT_CLASS = YES_ERROR;
				CLANG_WARN_RANGE_LOOP_ANALYSIS = YES;
				CLANG_WARN_STRICT_PROTOTYPES = YES;
				CLANG_WARN_SUSPICIOUS_MOVE = YES;
				CLANG_WARN_UNGUARDED_AVAILABILITY = YES_AGGRESSIVE;
				CLANG_WARN_UNREACHABLE_CODE = YES;
				CLANG_WARN__DUPLICATE_METHOD_MATCH = YES;
				CODE_SIGN_IDENTITY = "iPhone Developer";
				COPY_PHASE_STRIP = NO;
				DEBUG_INFORMATION_FORMAT = "dwarf-with-dsym";
				ENABLE_NS_ASSERTIONS = NO;
				ENABLE_STRICT_OBJC_MSGSEND = YES;
				GCC_C_LANGUAGE_STANDARD = gnu11;
				GCC_NO_COMMON_BLOCKS = YES;
				GCC_WARN_64_TO_32_BIT_CONVERSION = YES;
				GCC_WARN_ABOUT_RETURN_TYPE = YES_ERROR;
				GCC_WARN_UNDECLARED_SELECTOR = YES;
				GCC_WARN_UNINITIALIZED_AUTOS = YES_AGGRESSIVE;
				GCC_WARN_UNUSED_FUNCTION = YES;
				GCC_WARN_UNUSED_VARIABLE = YES;
				IPHONEOS_DEPLOYMENT_TARGET = 12.0;
				MTL_ENABLE_DEBUG_INFO = NO;
				MTL_FAST_MATH = YES;
				SDKROOT = iphoneos;
				SWIFT_COMPILATION_MODE = wholemodule;
				SWIFT_OPTIMIZATION_LEVEL = "-O";
				VALIDATE_PRODUCT = YES;
			};
			name = Release;
		};
		7BCB412A21C3096200BFC4D0 /* Debug */ = {
			isa = XCBuildConfiguration;
			baseConfigurationReference = 4BE4A7192C3D1FF47CECAC43 /* Pods-ObjectDetection.debug.xcconfig */;
			buildSettings = {
				ASSETCATALOG_COMPILER_APPICON_NAME = AppIcon;
				CODE_SIGN_IDENTITY = "Apple Development";
				CODE_SIGN_STYLE = Automatic;
				CURRENT_PROJECT_VERSION = 12;
				DEVELOPMENT_TEAM = YC9564MTQY;
				ENABLE_BITCODE = NO;
				FRAMEWORK_SEARCH_PATHS = (
					"$(inherited)",
					"$(PROJECT_DIR)/ObjectDetection/lib",
				);
				INFOPLIST_FILE = ObjectDetection/Info.plist;
				IPHONEOS_DEPLOYMENT_TARGET = 13.0;
				LD_RUNPATH_SEARCH_PATHS = (
					"$(inherited)",
					"@executable_path/Frameworks",
				);
				OTHER_LDFLAGS = (
					"$(inherited)",
					"-ObjC",
					"-l\"z\"",
					"-l\"c++\"",
				);
				PRODUCT_BUNDLE_IDENTIFIER = "com.what3words.ocr-object-detection";
				PRODUCT_NAME = "$(TARGET_NAME)";
				PROVISIONING_PROFILE_SPECIFIER = "";
				SWIFT_VERSION = 5.0;
				TARGETED_DEVICE_FAMILY = "1,2";
			};
			name = Debug;
		};
		7BCB412B21C3096200BFC4D0 /* Release */ = {
			isa = XCBuildConfiguration;
			baseConfigurationReference = 8489D13ABB4DD744C756DA69 /* Pods-ObjectDetection.release.xcconfig */;
			buildSettings = {
				ASSETCATALOG_COMPILER_APPICON_NAME = AppIcon;
				CODE_SIGN_IDENTITY = "Apple Development";
				CODE_SIGN_STYLE = Automatic;
				CURRENT_PROJECT_VERSION = 12;
				DEVELOPMENT_TEAM = YC9564MTQY;
				ENABLE_BITCODE = NO;
				FRAMEWORK_SEARCH_PATHS = (
					"$(inherited)",
					"$(PROJECT_DIR)/ObjectDetection/lib",
				);
				INFOPLIST_FILE = ObjectDetection/Info.plist;
				IPHONEOS_DEPLOYMENT_TARGET = 13.0;
				LD_RUNPATH_SEARCH_PATHS = (
					"$(inherited)",
					"@executable_path/Frameworks",
				);
				OTHER_LDFLAGS = (
					"$(inherited)",
					"-ObjC",
					"-l\"z\"",
					"-l\"c++\"",
				);
				PRODUCT_BUNDLE_IDENTIFIER = "com.what3words.ocr-object-detection";
				PRODUCT_NAME = "$(TARGET_NAME)";
				PROVISIONING_PROFILE_SPECIFIER = "";
				SWIFT_VERSION = 5.0;
				TARGETED_DEVICE_FAMILY = "1,2";
			};
			name = Release;
		};
/* End XCBuildConfiguration section */

/* Begin XCConfigurationList section */
		7BCB411221C3096100BFC4D0 /* Build configuration list for PBXProject "ObjectDetection" */ = {
			isa = XCConfigurationList;
			buildConfigurations = (
				7BCB412721C3096200BFC4D0 /* Debug */,
				7BCB412821C3096200BFC4D0 /* Release */,
			);
			defaultConfigurationIsVisible = 0;
			defaultConfigurationName = Release;
		};
		7BCB412921C3096200BFC4D0 /* Build configuration list for PBXNativeTarget "ObjectDetection" */ = {
			isa = XCConfigurationList;
			buildConfigurations = (
				7BCB412A21C3096200BFC4D0 /* Debug */,
				7BCB412B21C3096200BFC4D0 /* Release */,
			);
			defaultConfigurationIsVisible = 0;
			defaultConfigurationName = Release;
		};
/* End XCConfigurationList section */
	};
	rootObject = 7BCB410F21C3096100BFC4D0 /* Project object */;
}
